
Microsoft Visual Studio Solution File, Format Version 12.00
# Visual Studio Version 16
VisualStudioVersion = 16.0.31702.278
MinimumVisualStudioVersion = 10.0.40219.1
Project("{FAE04EC0-301F-11D3-BF4B-00C04F79EFBC}") = "Stepwise Builder", "Stepwise Builder\Stepwise Builder.csproj", "{5616D222-9B88-434C-88E6-678839DEAF10}"
EndProject
Project("{FAE04EC0-301F-11D3-BF4B-00C04F79EFBC}") = "Functional Builder", "Functional Builder\Functional Builder.csproj", "{6AEAA90F-EF91-4D2C-9A80-5B667B349647}"
EndProject
Project("{FAE04EC0-301F-11D3-BF4B-00C04F79EFBC}") = "Faceted Builder", "Faceted Builder\Faceted Builder.csproj", "{FF32424F-6ECA-4D37-B20C-0BA18753705E}"
EndProject
Project("{FAE04EC0-301F-11D3-BF4B-00C04F79EFBC}") = "Fluentbuilder With Inheritance", "Fluentbuilder With Inheritance\Fluentbuilder With Inheritance.csproj", "{3A4E7085-7C9D-40CA-84C6-C0D6C562E776}"
EndProject
Project("{FAE04EC0-301F-11D3-BF4B-00C04F79EFBC}") = "Builder Pattern", "Builder Pattern\Builder Pattern.csproj", "{E88EEA52-6249-4003-A009-BC63292C234A}"
EndProject
Project("{FAE04EC0-301F-11D3-BF4B-00C04F79EFBC}") = "Single Responsibility Principle", "Single Responsibility Principle\Single Responsibility Principle.csproj", "{35F58A08-80BA-4480-A603-A8B8DBD5296C}"
EndProject
Project("{FAE04EC0-301F-11D3-BF4B-00C04F79EFBC}") = "Open-Closed Principle", "Open-Closed Principle\Open-Closed Principle.csproj", "{C1F7567D-9AD5-4B70-9858-437DB56DC816}"
EndProject
Project("{FAE04EC0-301F-11D3-BF4B-00C04F79EFBC}") = "Liskov Substitution Principle", "Liskov Substitution Principle\Liskov Substitution Principle.csproj", "{C86184E2-71CC-4497-88F3-403C8817F488}"
EndProject
Project("{FAE04EC0-301F-11D3-BF4B-00C04F79EFBC}") = "Interface Segregation Principle", "Interface Segregation Principle\Interface Segregation Principle.csproj", "{AF154457-E750-42D9-AC92-14F3EA3906D4}"
EndProject
Project("{FAE04EC0-301F-11D3-BF4B-00C04F79EFBC}") = "Dependency Inversion Principle", "Dependency Inversion Principle\Dependency Inversion Principle.csproj", "{5BC22A42-9810-4737-AA6D-A86390464B7F}"
EndProject
Project("{FAE04EC0-301F-11D3-BF4B-00C04F79EFBC}") = "Factory Method", "Factory Method\Factory Method.csproj", "{209773E0-2CE4-47FB-876F-88AAE663957D}"
EndProject
Project("{FAE04EC0-301F-11D3-BF4B-00C04F79EFBC}") = "Asynchronous Factory Method", "Asynchronous Factory Method\Asynchronous Factory Method.csproj", "{0EDFDDD2-E389-4342-8279-223345469863}"
EndProject
Global
	GlobalSection(SolutionConfigurationPlatforms) = preSolution
		Debug|Any CPU = Debug|Any CPU
		Release|Any CPU = Release|Any CPU
	EndGlobalSection
	GlobalSection(ProjectConfigurationPlatforms) = postSolution
		{5616D222-9B88-434C-88E6-678839DEAF10}.Debug|Any CPU.ActiveCfg = Debug|Any CPU
		{5616D222-9B88-434C-88E6-678839DEAF10}.Debug|Any CPU.Build.0 = Debug|Any CPU
		{5616D222-9B88-434C-88E6-678839DEAF10}.Release|Any CPU.ActiveCfg = Release|Any CPU
		{5616D222-9B88-434C-88E6-678839DEAF10}.Release|Any CPU.Build.0 = Release|Any CPU
		{6AEAA90F-EF91-4D2C-9A80-5B667B349647}.Debug|Any CPU.ActiveCfg = Debug|Any CPU
		{6AEAA90F-EF91-4D2C-9A80-5B667B349647}.Debug|Any CPU.Build.0 = Debug|Any CPU
		{6AEAA90F-EF91-4D2C-9A80-5B667B349647}.Release|Any CPU.ActiveCfg = Release|Any CPU
		{6AEAA90F-EF91-4D2C-9A80-5B667B349647}.Release|Any CPU.Build.0 = Release|Any CPU
		{FF32424F-6ECA-4D37-B20C-0BA18753705E}.Debug|Any CPU.ActiveCfg = Debug|Any CPU
		{FF32424F-6ECA-4D37-B20C-0BA18753705E}.Debug|Any CPU.Build.0 = Debug|Any CPU
		{FF32424F-6ECA-4D37-B20C-0BA18753705E}.Release|Any CPU.ActiveCfg = Release|Any CPU
		{FF32424F-6ECA-4D37-B20C-0BA18753705E}.Release|Any CPU.Build.0 = Release|Any CPU
		{3A4E7085-7C9D-40CA-84C6-C0D6C562E776}.Debug|Any CPU.ActiveCfg = Debug|Any CPU
		{3A4E7085-7C9D-40CA-84C6-C0D6C562E776}.Debug|Any CPU.Build.0 = Debug|Any CPU
		{3A4E7085-7C9D-40CA-84C6-C0D6C562E776}.Release|Any CPU.ActiveCfg = Release|Any CPU
		{3A4E7085-7C9D-40CA-84C6-C0D6C562E776}.Release|Any CPU.Build.0 = Release|Any CPU
		{E88EEA52-6249-4003-A009-BC63292C234A}.Debug|Any CPU.ActiveCfg = Debug|Any CPU
		{E88EEA52-6249-4003-A009-BC63292C234A}.Debug|Any CPU.Build.0 = Debug|Any CPU
		{E88EEA52-6249-4003-A009-BC63292C234A}.Release|Any CPU.ActiveCfg = Release|Any CPU
		{E88EEA52-6249-4003-A009-BC63292C234A}.Release|Any CPU.Build.0 = Release|Any CPU
		{35F58A08-80BA-4480-A603-A8B8DBD5296C}.Debug|Any CPU.ActiveCfg = Debug|Any CPU
		{35F58A08-80BA-4480-A603-A8B8DBD5296C}.Debug|Any CPU.Build.0 = Debug|Any CPU
		{35F58A08-80BA-4480-A603-A8B8DBD5296C}.Release|Any CPU.ActiveCfg = Release|Any CPU
		{35F58A08-80BA-4480-A603-A8B8DBD5296C}.Release|Any CPU.Build.0 = Release|Any CPU
		{C1F7567D-9AD5-4B70-9858-437DB56DC816}.Debug|Any CPU.ActiveCfg = Debug|Any CPU
		{C1F7567D-9AD5-4B70-9858-437DB56DC816}.Debug|Any CPU.Build.0 = Debug|Any CPU
		{C1F7567D-9AD5-4B70-9858-437DB56DC816}.Release|Any CPU.ActiveCfg = Release|Any CPU
		{C1F7567D-9AD5-4B70-9858-437DB56DC816}.Release|Any CPU.Build.0 = Release|Any CPU
		{C86184E2-71CC-4497-88F3-403C8817F488}.Debug|Any CPU.ActiveCfg = Debug|Any CPU
		{C86184E2-71CC-4497-88F3-403C8817F488}.Debug|Any CPU.Build.0 = Debug|Any CPU
		{C86184E2-71CC-4497-88F3-403C8817F488}.Release|Any CPU.ActiveCfg = Release|Any CPU
		{C86184E2-71CC-4497-88F3-403C8817F488}.Release|Any CPU.Build.0 = Release|Any CPU
		{AF154457-E750-42D9-AC92-14F3EA3906D4}.Debug|Any CPU.ActiveCfg = Debug|Any CPU
		{AF154457-E750-42D9-AC92-14F3EA3906D4}.Debug|Any CPU.Build.0 = Debug|Any CPU
		{AF154457-E750-42D9-AC92-14F3EA3906D4}.Release|Any CPU.ActiveCfg = Release|Any CPU
		{AF154457-E750-42D9-AC92-14F3EA3906D4}.Release|Any CPU.Build.0 = Release|Any CPU
		{5BC22A42-9810-4737-AA6D-A86390464B7F}.Debug|Any CPU.ActiveCfg = Debug|Any CPU
		{5BC22A42-9810-4737-AA6D-A86390464B7F}.Debug|Any CPU.Build.0 = Debug|Any CPU
		{5BC22A42-9810-4737-AA6D-A86390464B7F}.Release|Any CPU.ActiveCfg = Release|Any CPU
		{5BC22A42-9810-4737-AA6D-A86390464B7F}.Release|Any CPU.Build.0 = Release|Any CPU
		{209773E0-2CE4-47FB-876F-88AAE663957D}.Debug|Any CPU.ActiveCfg = Debug|Any CPU
		{209773E0-2CE4-47FB-876F-88AAE663957D}.Debug|Any CPU.Build.0 = Debug|Any CPU
		{209773E0-2CE4-47FB-876F-88AAE663957D}.Release|Any CPU.ActiveCfg = Release|Any CPU
		{209773E0-2CE4-47FB-876F-88AAE663957D}.Release|Any CPU.Build.0 = Release|Any CPU
		{0EDFDDD2-E389-4342-8279-223345469863}.Debug|Any CPU.ActiveCfg = Debug|Any CPU
		{0EDFDDD2-E389-4342-8279-223345469863}.Debug|Any CPU.Build.0 = Debug|Any CPU
		{0EDFDDD2-E389-4342-8279-223345469863}.Release|Any CPU.ActiveCfg = Release|Any CPU
		{0EDFDDD2-E389-4342-8279-223345469863}.Release|Any CPU.Build.0 = Release|Any CPU
	EndGlobalSection
	GlobalSection(SolutionProperties) = preSolution
		HideSolutionNode = FALSE
	EndGlobalSection
	GlobalSection(ExtensibilityGlobals) = postSolution
		SolutionGuid = {81D1ECC9-1E65-4D0C-B0F0-C940565C3369}
	EndGlobalSection
EndGlobal
